
Microsoft Visual Studio Solution File, Format Version 12.00
# Visual Studio Version 17
VisualStudioVersion = 17.14.36414.22 d17.14
MinimumVisualStudioVersion = 10.0.40219.1
Project("{FAE04EC0-301F-11D3-BF4B-00C04F79EFBC}") = "netconsoleappövning", "netconsoleappövning.csproj", "{F285B408-1A93-4A29-B4FA-F9FC97ABE573}"
EndProject
Global
	GlobalSection(SolutionConfigurationPlatforms) = preSolution
		Debug|Any CPU = Debug|Any CPU
		Release|Any CPU = Release|Any CPU
	EndGlobalSection
	GlobalSection(ProjectConfigurationPlatforms) = postSolution
		{F285B408-1A93-4A29-B4FA-F9FC97ABE573}.Debug|Any CPU.ActiveCfg = Debug|Any CPU
		{F285B408-1A93-4A29-B4FA-F9FC97ABE573}.Debug|Any CPU.Build.0 = Debug|Any CPU
		{F285B408-1A93-4A29-B4FA-F9FC97ABE573}.Release|Any CPU.ActiveCfg = Release|Any CPU
		{F285B408-1A93-4A29-B4FA-F9FC97ABE573}.Release|Any CPU.Build.0 = Release|Any CPU
	EndGlobalSection
	GlobalSection(SolutionProperties) = preSolution
		HideSolutionNode = FALSE
	EndGlobalSection
	GlobalSection(ExtensibilityGlobals) = postSolution
		SolutionGuid = {2EE3A199-2FD1-412E-A251-338C996CC057}
	EndGlobalSection
EndGlobal
